
Microsoft Visual Studio Solution File, Format Version 12.00
# Visual Studio 15
Project("{D954291E-2A0B-460D-934E-DC6B0785DB48}") = "SimpleXam.Fundamentals.Shared", "SimpleXam.Fundamentals.Shared\SimpleXam.Fundamentals.Shared.shproj", "{7E4766F8-E677-466C-9DD2-82AF3D65A5FA}"
EndProject
Project("{FAE04EC0-301F-11D3-BF4B-00C04F79EFBC}") = "SimpleXam.Fundamentals.iOS", "SimpleXam.Fundamentals.iOS\SimpleXam.Fundamentals.iOS.csproj", "{4475B856-1322-4B90-A0F7-EC3106DFD66E}"
EndProject
Project("{FAE04EC0-301F-11D3-BF4B-00C04F79EFBC}") = "SimpleXam.Fundamentals.Android", "SimpleXam.Fundamentals.Android\SimpleXam.Fundamentals.Android.csproj", "{FD78172E-5524-4554-9C29-55F5D252B4E8}"
EndProject
Project("{5DD5E4FA-CB73-4610-85AB-557B54E96AA9}") = "SimpleXam.Fundamentals.NuGet", "SimpleXam.Fundamentals.NuGet\SimpleXam.Fundamentals.NuGet.nuproj", "{904CABA2-D42E-4FFF-A633-83131B2EEDAD}"
EndProject
Global
	GlobalSection(SolutionConfigurationPlatforms) = preSolution
		Debug|Any CPU = Debug|Any CPU
		Release|Any CPU = Release|Any CPU
	EndGlobalSection
	GlobalSection(ProjectConfigurationPlatforms) = postSolution
		{4475B856-1322-4B90-A0F7-EC3106DFD66E}.Debug|Any CPU.ActiveCfg = Debug|Any CPU
		{4475B856-1322-4B90-A0F7-EC3106DFD66E}.Debug|Any CPU.Build.0 = Debug|Any CPU
		{4475B856-1322-4B90-A0F7-EC3106DFD66E}.Release|Any CPU.ActiveCfg = Release|Any CPU
		{4475B856-1322-4B90-A0F7-EC3106DFD66E}.Release|Any CPU.Build.0 = Release|Any CPU
		{FD78172E-5524-4554-9C29-55F5D252B4E8}.Debug|Any CPU.ActiveCfg = Debug|Any CPU
		{FD78172E-5524-4554-9C29-55F5D252B4E8}.Debug|Any CPU.Build.0 = Debug|Any CPU
		{FD78172E-5524-4554-9C29-55F5D252B4E8}.Release|Any CPU.ActiveCfg = Release|Any CPU
		{FD78172E-5524-4554-9C29-55F5D252B4E8}.Release|Any CPU.Build.0 = Release|Any CPU
		{904CABA2-D42E-4FFF-A633-83131B2EEDAD}.Debug|Any CPU.ActiveCfg = Debug|Any CPU
		{904CABA2-D42E-4FFF-A633-83131B2EEDAD}.Debug|Any CPU.Build.0 = Debug|Any CPU
		{904CABA2-D42E-4FFF-A633-83131B2EEDAD}.Release|Any CPU.ActiveCfg = Release|Any CPU
		{904CABA2-D42E-4FFF-A633-83131B2EEDAD}.Release|Any CPU.Build.0 = Release|Any CPU
	EndGlobalSection
EndGlobal
